// !$*UTF8*$!
{
	archiveVersion = 1;
	classes = {
	};
	objectVersion = 46;
	objects = {

/* Begin PBXBuildFile section */
		F21A0ED71E548FB8005CC33B /* AppDelegate.swift in Sources */ = {isa = PBXBuildFile; fileRef = F21A0ED61E548FB8005CC33B /* AppDelegate.swift */; };
		F21A0ED91E548FB8005CC33B /* ViewController.swift in Sources */ = {isa = PBXBuildFile; fileRef = F21A0ED81E548FB8005CC33B /* ViewController.swift */; };
		F21A0EDC1E548FB8005CC33B /* Main.storyboard in Resources */ = {isa = PBXBuildFile; fileRef = F21A0EDA1E548FB8005CC33B /* Main.storyboard */; };
		F21A0EDE1E548FB8005CC33B /* Assets.xcassets in Resources */ = {isa = PBXBuildFile; fileRef = F21A0EDD1E548FB8005CC33B /* Assets.xcassets */; };
		F21A0EE11E548FB8005CC33B /* LaunchScreen.storyboard in Resources */ = {isa = PBXBuildFile; fileRef = F21A0EDF1E548FB8005CC33B /* LaunchScreen.storyboard */; };
		F21A0EEC1E548FB8005CC33B /* BankAccountExerciseTests.swift in Sources */ = {isa = PBXBuildFile; fileRef = F21A0EEB1E548FB8005CC33B /* BankAccountExerciseTests.swift */; };
		F21A0EF71E549057005CC33B /* Account.swift in Sources */ = {isa = PBXBuildFile; fileRef = F21A0EF61E549057005CC33B /* Account.swift */; };
/* End PBXBuildFile section */

/* Begin PBXContainerItemProxy section */
		F21A0EE81E548FB8005CC33B /* PBXContainerItemProxy */ = {
			isa = PBXContainerItemProxy;
			containerPortal = F21A0ECB1E548FB8005CC33B /* Project object */;
			proxyType = 1;
			remoteGlobalIDString = F21A0ED21E548FB8005CC33B;
			remoteInfo = BankAccountExercise;
		};
/* End PBXContainerItemProxy section */

/* Begin PBXFileReference section */
		F21A0ED31E548FB8005CC33B /* BankAccountExercise.app */ = {isa = PBXFileReference; explicitFileType = wrapper.application; includeInIndex = 0; path = BankAccountExercise.app; sourceTree = BUILT_PRODUCTS_DIR; };
		F21A0ED61E548FB8005CC33B /* AppDelegate.swift */ = {isa = PBXFileReference; lastKnownFileType = sourcecode.swift; path = AppDelegate.swift; sourceTree = "<group>"; };
		F21A0ED81E548FB8005CC33B /* ViewController.swift */ = {isa = PBXFileReference; lastKnownFileType = sourcecode.swift; path = ViewController.swift; sourceTree = "<group>"; };
		F21A0EDB1E548FB8005CC33B /* Base */ = {isa = PBXFileReference; lastKnownFileType = file.storyboard; name = Base; path = Base.lproj/Main.storyboard; sourceTree = "<group>"; };
		F21A0EDD1E548FB8005CC33B /* Assets.xcassets */ = {isa = PBXFileReference; lastKnownFileType = folder.assetcatalog; path = Assets.xcassets; sourceTree = "<group>"; };
		F21A0EE01E548FB8005CC33B /* Base */ = {isa = PBXFileReference; lastKnownFileType = file.storyboard; name = Base; path = Base.lproj/LaunchScreen.storyboard; sourceTree = "<group>"; };
		F21A0EE21E548FB8005CC33B /* Info.plist */ = {isa = PBXFileReference; lastKnownFileType = text.plist.xml; path = Info.plist; sourceTree = "<group>"; };
		F21A0EE71E548FB8005CC33B /* BankAccountExerciseTests.xctest */ = {isa = PBXFileReference; explicitFileType = wrapper.cfbundle; includeInIndex = 0; path = BankAccountExerciseTests.xctest; sourceTree = BUILT_PRODUCTS_DIR; };
		F21A0EEB1E548FB8005CC33B /* BankAccountExerciseTests.swift */ = {isa = PBXFileReference; lastKnownFileType = sourcecode.swift; path = BankAccountExerciseTests.swift; sourceTree = "<group>"; };
		F21A0EED1E548FB8005CC33B /* Info.plist */ = {isa = PBXFileReference; lastKnownFileType = text.plist.xml; path = Info.plist; sourceTree = "<group>"; };
		F21A0EF61E549057005CC33B /* Account.swift */ = {isa = PBXFileReference; fileEncoding = 4; lastKnownFileType = sourcecode.swift; path = Account.swift; sourceTree = "<group>"; };
/* End PBXFileReference section */

/* Begin PBXFrameworksBuildPhase section */
		F21A0ED01E548FB8005CC33B /* Frameworks */ = {
			isa = PBXFrameworksBuildPhase;
			buildActionMask = 2147483647;
			files = (
			);
			runOnlyForDeploymentPostprocessing = 0;
		};
		F21A0EE41E548FB8005CC33B /* Frameworks */ = {
			isa = PBXFrameworksBuildPhase;
			buildActionMask = 2147483647;
			files = (
			);
			runOnlyForDeploymentPostprocessing = 0;
		};
/* End PBXFrameworksBuildPhase section */

/* Begin PBXGroup section */
		F21A0ECA1E548FB8005CC33B = {
			isa = PBXGroup;
			children = (
				F21A0ED51E548FB8005CC33B /* BankAccountExercise */,
				F21A0EEA1E548FB8005CC33B /* BankAccountExerciseTests */,
				F21A0ED41E548FB8005CC33B /* Products */,
			);
			sourceTree = "<group>";
		};
		F21A0ED41E548FB8005CC33B /* Products */ = {
			isa = PBXGroup;
			children = (
				F21A0ED31E548FB8005CC33B /* BankAccountExercise.app */,
				F21A0EE71E548FB8005CC33B /* BankAccountExerciseTests.xctest */,
			);
			name = Products;
			sourceTree = "<group>";
		};
		F21A0ED51E548FB8005CC33B /* BankAccountExercise */ = {
			isa = PBXGroup;
			children = (
				F21A0ED61E548FB8005CC33B /* AppDelegate.swift */,
				F21A0ED81E548FB8005CC33B /* ViewController.swift */,
				F21A0EF61E549057005CC33B /* Account.swift */,
				F21A0EDA1E548FB8005CC33B /* Main.storyboard */,
				F21A0EDD1E548FB8005CC33B /* Assets.xcassets */,
				F21A0EDF1E548FB8005CC33B /* LaunchScreen.storyboard */,
				F21A0EE21E548FB8005CC33B /* Info.plist */,
			);
			path = BankAccountExercise;
			sourceTree = "<group>";
		};
		F21A0EEA1E548FB8005CC33B /* BankAccountExerciseTests */ = {
			isa = PBXGroup;
			children = (
				F21A0EEB1E548FB8005CC33B /* BankAccountExerciseTests.swift */,
				F21A0EED1E548FB8005CC33B /* Info.plist */,
			);
			path = BankAccountExerciseTests;
			sourceTree = "<group>";
		};
/* End PBXGroup section */

/* Begin PBXNativeTarget section */
		F21A0ED21E548FB8005CC33B /* BankAccountExercise */ = {
			isa = PBXNativeTarget;
			buildConfigurationList = F21A0EF01E548FB8005CC33B /* Build configuration list for PBXNativeTarget "BankAccountExercise" */;
			buildPhases = (
				F21A0ECF1E548FB8005CC33B /* Sources */,
				F21A0ED01E548FB8005CC33B /* Frameworks */,
				F21A0ED11E548FB8005CC33B /* Resources */,
			);
			buildRules = (
			);
			dependencies = (
			);
			name = BankAccountExercise;
			productName = BankAccountExercise;
			productReference = F21A0ED31E548FB8005CC33B /* BankAccountExercise.app */;
			productType = "com.apple.product-type.application";
		};
		F21A0EE61E548FB8005CC33B /* BankAccountExerciseTests */ = {
			isa = PBXNativeTarget;
			buildConfigurationList = F21A0EF31E548FB8005CC33B /* Build configuration list for PBXNativeTarget "BankAccountExerciseTests" */;
			buildPhases = (
				F21A0EE31E548FB8005CC33B /* Sources */,
				F21A0EE41E548FB8005CC33B /* Frameworks */,
				F21A0EE51E548FB8005CC33B /* Resources */,
			);
			buildRules = (
			);
			dependencies = (
				F21A0EE91E548FB8005CC33B /* PBXTargetDependency */,
			);
			name = BankAccountExerciseTests;
			productName = BankAccountExerciseTests;
			productReference = F21A0EE71E548FB8005CC33B /* BankAccountExerciseTests.xctest */;
			productType = "com.apple.product-type.bundle.unit-test";
		};
/* End PBXNativeTarget section */

/* Begin PBXProject section */
		F21A0ECB1E548FB8005CC33B /* Project object */ = {
			isa = PBXProject;
			attributes = {
				LastSwiftUpdateCheck = 0820;
				LastUpgradeCheck = 0820;
				ORGANIZATIONNAME = "Emil Gräs";
				TargetAttributes = {
					F21A0ED21E548FB8005CC33B = {
						CreatedOnToolsVersion = 8.2.1;
						ProvisioningStyle = Automatic;
					};
					F21A0EE61E548FB8005CC33B = {
						CreatedOnToolsVersion = 8.2.1;
						ProvisioningStyle = Automatic;
						TestTargetID = F21A0ED21E548FB8005CC33B;
					};
				};
			};
			buildConfigurationList = F21A0ECE1E548FB8005CC33B /* Build configuration list for PBXProject "BankAccountExercise" */;
			compatibilityVersion = "Xcode 3.2";
			developmentRegion = English;
			hasScannedForEncodings = 0;
			knownRegions = (
				en,
				Base,
			);
			mainGroup = F21A0ECA1E548FB8005CC33B;
			productRefGroup = F21A0ED41E548FB8005CC33B /* Products */;
			projectDirPath = "";
			projectRoot = "";
			targets = (
				F21A0ED21E548FB8005CC33B /* BankAccountExercise */,
				F21A0EE61E548FB8005CC33B /* BankAccountExerciseTests */,
			);
		};
/* End PBXProject section */

/* Begin PBXResourcesBuildPhase section */
		F21A0ED11E548FB8005CC33B /* Resources */ = {
			isa = PBXResourcesBuildPhase;
			buildActionMask = 2147483647;
			files = (
				F21A0EE11E548FB8005CC33B /* LaunchScreen.storyboard in Resources */,
				F21A0EDE1E548FB8005CC33B /* Assets.xcassets in Resources */,
				F21A0EDC1E548FB8005CC33B /* Main.storyboard in Resources */,
			);
			runOnlyForDeploymentPostprocessing = 0;
		};
		F21A0EE51E548FB8005CC33B /* Resources */ = {
			isa = PBXResourcesBuildPhase;
			buildActionMask = 2147483647;
			files = (
			);
			runOnlyForDeploymentPostprocessing = 0;
		};
/* End PBXResourcesBuildPhase section */

/* Begin PBXSourcesBuildPhase section */
		F21A0ECF1E548FB8005CC33B /* Sources */ = {
			isa = PBXSourcesBuildPhase;
			buildActionMask = 2147483647;
			files = (
				F21A0ED91E548FB8005CC33B /* ViewController.swift in Sources */,
				F21A0ED71E548FB8005CC33B /* AppDelegate.swift in Sources */,
				F21A0EF71E549057005CC33B /* Account.swift in Sources */,
			);
			runOnlyForDeploymentPostprocessing = 0;
		};
		F21A0EE31E548FB8005CC33B /* Sources */ = {
			isa = PBXSourcesBuildPhase;
			buildActionMask = 2147483647;
			files = (
				F21A0EEC1E548FB8005CC33B /* BankAccountExerciseTests.swift in Sources */,
			);
			runOnlyForDeploymentPostprocessing = 0;
		};
/* End PBXSourcesBuildPhase section */

/* Begin PBXTargetDependency section */
		F21A0EE91E548FB8005CC33B /* PBXTargetDependency */ = {
			isa = PBXTargetDependency;
			target = F21A0ED21E548FB8005CC33B /* BankAccountExercise */;
			targetProxy = F21A0EE81E548FB8005CC33B /* PBXContainerItemProxy */;
		};
/* End PBXTargetDependency section */

/* Begin PBXVariantGroup section */
		F21A0EDA1E548FB8005CC33B /* Main.storyboard */ = {
			isa = PBXVariantGroup;
			children = (
				F21A0EDB1E548FB8005CC33B /* Base */,
			);
			name = Main.storyboard;
			sourceTree = "<group>";
		};
		F21A0EDF1E548FB8005CC33B /* LaunchScreen.storyboard */ = {
			isa = PBXVariantGroup;
			children = (
				F21A0EE01E548FB8005CC33B /* Base */,
			);
			name = LaunchScreen.storyboard;
			sourceTree = "<group>";
		};
/* End PBXVariantGroup section */

/* Begin XCBuildConfiguration section */
		F21A0EEE1E548FB8005CC33B /* Debug */ = {
			isa = XCBuildConfiguration;
			buildSettings = {
				ALWAYS_SEARCH_USER_PATHS = NO;
				CLANG_ANALYZER_NONNULL = YES;
				CLANG_CXX_LANGUAGE_STANDARD = "gnu++0x";
				CLANG_CXX_LIBRARY = "libc++";
				CLANG_ENABLE_MODULES = YES;
				CLANG_ENABLE_OBJC_ARC = YES;
				CLANG_WARN_BOOL_CONVERSION = YES;
				CLANG_WARN_CONSTANT_CONVERSION = YES;
				CLANG_WARN_DIRECT_OBJC_ISA_USAGE = YES_ERROR;
				CLANG_WARN_DOCUMENTATION_COMMENTS = YES;
				CLANG_WARN_EMPTY_BODY = YES;
				CLANG_WARN_ENUM_CONVERSION = YES;
				CLANG_WARN_INFINITE_RECURSION = YES;
				CLANG_WARN_INT_CONVERSION = YES;
				CLANG_WARN_OBJC_ROOT_CLASS = YES_ERROR;
				CLANG_WARN_SUSPICIOUS_MOVE = YES;
				CLANG_WARN_UNREACHABLE_CODE = YES;
				CLANG_WARN__DUPLICATE_METHOD_MATCH = YES;
				"CODE_SIGN_IDENTITY[sdk=iphoneos*]" = "iPhone Developer";
				COPY_PHASE_STRIP = NO;
				DEBUG_INFORMATION_FORMAT = dwarf;
				ENABLE_STRICT_OBJC_MSGSEND = YES;
				ENABLE_TESTABILITY = YES;
				GCC_C_LANGUAGE_STANDARD = gnu99;
				GCC_DYNAMIC_NO_PIC = NO;
				GCC_NO_COMMON_BLOCKS = YES;
				GCC_OPTIMIZATION_LEVEL = 0;
				GCC_PREPROCESSOR_DEFINITIONS = (
					"DEBUG=1",
					"$(inherited)",
				);
				GCC_WARN_64_TO_32_BIT_CONVERSION = YES;
				GCC_WARN_ABOUT_RETURN_TYPE = YES_ERROR;
				GCC_WARN_UNDECLARED_SELECTOR = YES;
				GCC_WARN_UNINITIALIZED_AUTOS = YES_AGGRESSIVE;
				GCC_WARN_UNUSED_FUNCTION = YES;
				GCC_WARN_UNUSED_VARIABLE = YES;
				IPHONEOS_DEPLOYMENT_TARGET = 10.2;
				MTL_ENABLE_DEBUG_INFO = YES;
				ONLY_ACTIVE_ARCH = YES;
				SDKROOT = iphoneos;
				SWIFT_ACTIVE_COMPILATION_CONDITIONS = DEBUG;
				SWIFT_OPTIMIZATION_LEVEL = "-Onone";
				TARGETED_DEVICE_FAMILY = "1,2";
			};
			name = Debug;
		};
		F21A0EEF1E548FB8005CC33B /* Release */ = {
			isa = XCBuildConfiguration;
			buildSettings = {
				ALWAYS_SEARCH_USER_PATHS = NO;
				CLANG_ANALYZER_NONNULL = YES;
				CLANG_CXX_LANGUAGE_STANDARD = "gnu++0x";
				CLANG_CXX_LIBRARY = "libc++";
				CLANG_ENABLE_MODULES = YES;
				CLANG_ENABLE_OBJC_ARC = YES;
				CLANG_WARN_BOOL_CONVERSION = YES;
				CLANG_WARN_CONSTANT_CONVERSION = YES;
				CLANG_WARN_DIRECT_OBJC_ISA_USAGE = YES_ERROR;
				CLANG_WARN_DOCUMENTATION_COMMENTS = YES;
				CLANG_WARN_EMPTY_BODY = YES;
				CLANG_WARN_ENUM_CONVERSION = YES;
				CLANG_WARN_INFINITE_RECURSION = YES;
				CLANG_WARN_INT_CONVERSION = YES;
				CLANG_WARN_OBJC_ROOT_CLASS = YES_ERROR;
				CLANG_WARN_SUSPICIOUS_MOVE = YES;
				CLANG_WARN_UNREACHABLE_CODE = YES;
				CLANG_WARN__DUPLICATE_METHOD_MATCH = YES;
				"CODE_SIGN_IDENTITY[sdk=iphoneos*]" = "iPhone Developer";
				COPY_PHASE_STRIP = NO;
				DEBUG_INFORMATION_FORMAT = "dwarf-with-dsym";
				ENABLE_NS_ASSERTIONS = NO;
				ENABLE_STRICT_OBJC_MSGSEND = YES;
				GCC_C_LANGUAGE_STANDARD = gnu99;
				GCC_NO_COMMON_BLOCKS = YES;
				GCC_WARN_64_TO_32_BIT_CONVERSION = YES;
				GCC_WARN_ABOUT_RETURN_TYPE = YES_ERROR;
				GCC_WARN_UNDECLARED_SELECTOR = YES;
				GCC_WARN_UNINITIALIZED_AUTOS = YES_AGGRESSIVE;
				GCC_WARN_UNUSED_FUNCTION = YES;
				GCC_WARN_UNUSED_VARIABLE = YES;
				IPHONEOS_DEPLOYMENT_TARGET = 10.2;
				MTL_ENABLE_DEBUG_INFO = NO;
				SDKROOT = iphoneos;
				SWIFT_OPTIMIZATION_LEVEL = "-Owholemodule";
				TARGETED_DEVICE_FAMILY = "1,2";
				VALIDATE_PRODUCT = YES;
			};
			name = Release;
		};
		F21A0EF11E548FB8005CC33B /* Debug */ = {
			isa = XCBuildConfiguration;
			buildSettings = {
				ASSETCATALOG_COMPILER_APPICON_NAME = AppIcon;
				INFOPLIST_FILE = BankAccountExercise/Info.plist;
				LD_RUNPATH_SEARCH_PATHS = "$(inherited) @executable_path/Frameworks";
				PRODUCT_BUNDLE_IDENTIFIER = com.emilgras.BankAccountExercise;
				PRODUCT_NAME = "$(TARGET_NAME)";
				SWIFT_VERSION = 3.0;
			};
			name = Debug;
		};
		F21A0EF21E548FB8005CC33B /* Release */ = {
			isa = XCBuildConfiguration;
			buildSettings = {
				ASSETCATALOG_COMPILER_APPICON_NAME = AppIcon;
				INFOPLIST_FILE = BankAccountExercise/Info.plist;
				LD_RUNPATH_SEARCH_PATHS = "$(inherited) @executable_path/Frameworks";
				PRODUCT_BUNDLE_IDENTIFIER = com.emilgras.BankAccountExercise;
				PRODUCT_NAME = "$(TARGET_NAME)";
				SWIFT_VERSION = 3.0;
			};
			name = Release;
		};
		F21A0EF41E548FB8005CC33B /* Debug */ = {
			isa = XCBuildConfiguration;
			buildSettings = {
				ALWAYS_EMBED_SWIFT_STANDARD_LIBRARIES = YES;
				BUNDLE_LOADER = "$(TEST_HOST)";
				INFOPLIST_FILE = BankAccountExerciseTests/Info.plist;
				LD_RUNPATH_SEARCH_PATHS = "$(inherited) @executable_path/Frameworks @loader_path/Frameworks";
				PRODUCT_BUNDLE_IDENTIFIER = com.emilgras.BankAccountExerciseTests;
				PRODUCT_NAME = "$(TARGET_NAME)";
				SWIFT_VERSION = 3.0;
				TEST_HOST = "$(BUILT_PRODUCTS_DIR)/BankAccountExercise.app/BankAccountExercise";
			};
			name = Debug;
		};
		F21A0EF51E548FB8005CC33B /* Release */ = {
			isa = XCBuildConfiguration;
			buildSettings = {
				ALWAYS_EMBED_SWIFT_STANDARD_LIBRARIES = YES;
				BUNDLE_LOADER = "$(TEST_HOST)";
				INFOPLIST_FILE = BankAccountExerciseTests/Info.plist;
				LD_RUNPATH_SEARCH_PATHS = "$(inherited) @executable_path/Frameworks @loader_path/Frameworks";
				PRODUCT_BUNDLE_IDENTIFIER = com.emilgras.BankAccountExerciseTests;
				PRODUCT_NAME = "$(TARGET_NAME)";
				SWIFT_VERSION = 3.0;
				TEST_HOST = "$(BUILT_PRODUCTS_DIR)/BankAccountExercise.app/BankAccountExercise";
			};
			name = Release;
		};
/* End XCBuildConfiguration section */

/* Begin XCConfigurationList section */
		F21A0ECE1E548FB8005CC33B /* Build configuration list for PBXProject "BankAccountExercise" */ = {
			isa = XCConfigurationList;
			buildConfigurations = (
				F21A0EEE1E548FB8005CC33B /* Debug */,
				F21A0EEF1E548FB8005CC33B /* Release */,
			);
			defaultConfigurationIsVisible = 0;
			defaultConfigurationName = Release;
		};
		F21A0EF01E548FB8005CC33B /* Build configuration list for PBXNativeTarget "BankAccountExercise" */ = {
			isa = XCConfigurationList;
			buildConfigurations = (
				F21A0EF11E548FB8005CC33B /* Debug */,
				F21A0EF21E548FB8005CC33B /* Release */,
			);
			defaultConfigurationIsVisible = 0;
		};
		F21A0EF31E548FB8005CC33B /* Build configuration list for PBXNativeTarget "BankAccountExerciseTests" */ = {
			isa = XCConfigurationList;
			buildConfigurations = (
				F21A0EF41E548FB8005CC33B /* Debug */,
				F21A0EF51E548FB8005CC33B /* Release */,
			);
			defaultConfigurationIsVisible = 0;
		};
/* End XCConfigurationList section */
	};
	rootObject = F21A0ECB1E548FB8005CC33B /* Project object */;
}
